
Microsoft Visual Studio Solution File, Format Version 12.00
# Visual Studio Version 17
VisualStudioVersion = 17.11.35303.130
MinimumVisualStudioVersion = 10.0.40219.1
Project("{FAE04EC0-301F-11D3-BF4B-00C04F79EFBC}") = "LoopsAndStrings", "LoopsAndStrings\LoopsAndStrings.csproj", "{A1EEECFA-58DA-4F6C-A5CC-AD0F3495BDDE}"
EndProject
Global
	GlobalSection(SolutionConfigurationPlatforms) = preSolution
		Debug|Any CPU = Debug|Any CPU
		Release|Any CPU = Release|Any CPU
	EndGlobalSection
	GlobalSection(ProjectConfigurationPlatforms) = postSolution
		{A1EEECFA-58DA-4F6C-A5CC-AD0F3495BDDE}.Debug|Any CPU.ActiveCfg = Debug|Any CPU
		{A1EEECFA-58DA-4F6C-A5CC-AD0F3495BDDE}.Debug|Any CPU.Build.0 = Debug|Any CPU
		{A1EEECFA-58DA-4F6C-A5CC-AD0F3495BDDE}.Release|Any CPU.ActiveCfg = Release|Any CPU
		{A1EEECFA-58DA-4F6C-A5CC-AD0F3495BDDE}.Release|Any CPU.Build.0 = Release|Any CPU
	EndGlobalSection
	GlobalSection(SolutionProperties) = preSolution
		HideSolutionNode = FALSE
	EndGlobalSection
	GlobalSection(ExtensibilityGlobals) = postSolution
		SolutionGuid = {B89FBFCD-8AE6-43E1-A8AF-CA163E0B5988}
	EndGlobalSection
EndGlobal
